
Microsoft Visual Studio Solution File, Format Version 12.00
# Visual Studio Version 16
VisualStudioVersion = 16.0.31515.178
MinimumVisualStudioVersion = 10.0.40219.1
Project("{FAE04EC0-301F-11D3-BF4B-00C04F79EFBC}") = "ProtectedDataWasmExample.Server", "Server\ProtectedDataWasmExample.Server.csproj", "{03542979-FA48-4D6E-81F8-4B84B7F34265}"
EndProject
Project("{FAE04EC0-301F-11D3-BF4B-00C04F79EFBC}") = "ProtectedDataWasmExample.Client", "Client\ProtectedDataWasmExample.Client.csproj", "{975B262A-A73C-49A5-A5ED-AEA44FA1CAF4}"
EndProject
Project("{FAE04EC0-301F-11D3-BF4B-00C04F79EFBC}") = "ProtectedDataWasmExample.Shared", "Shared\ProtectedDataWasmExample.Shared.csproj", "{139AA935-BA21-40E9-A812-5CD92DFC2724}"
EndProject
Global
	GlobalSection(SolutionConfigurationPlatforms) = preSolution
		Debug|Any CPU = Debug|Any CPU
		Release|Any CPU = Release|Any CPU
	EndGlobalSection
	GlobalSection(ProjectConfigurationPlatforms) = postSolution
		{03542979-FA48-4D6E-81F8-4B84B7F34265}.Debug|Any CPU.ActiveCfg = Debug|Any CPU
		{03542979-FA48-4D6E-81F8-4B84B7F34265}.Debug|Any CPU.Build.0 = Debug|Any CPU
		{03542979-FA48-4D6E-81F8-4B84B7F34265}.Release|Any CPU.ActiveCfg = Release|Any CPU
		{03542979-FA48-4D6E-81F8-4B84B7F34265}.Release|Any CPU.Build.0 = Release|Any CPU
		{975B262A-A73C-49A5-A5ED-AEA44FA1CAF4}.Debug|Any CPU.ActiveCfg = Debug|Any CPU
		{975B262A-A73C-49A5-A5ED-AEA44FA1CAF4}.Debug|Any CPU.Build.0 = Debug|Any CPU
		{975B262A-A73C-49A5-A5ED-AEA44FA1CAF4}.Release|Any CPU.ActiveCfg = Release|Any CPU
		{975B262A-A73C-49A5-A5ED-AEA44FA1CAF4}.Release|Any CPU.Build.0 = Release|Any CPU
		{139AA935-BA21-40E9-A812-5CD92DFC2724}.Debug|Any CPU.ActiveCfg = Debug|Any CPU
		{139AA935-BA21-40E9-A812-5CD92DFC2724}.Debug|Any CPU.Build.0 = Debug|Any CPU
		{139AA935-BA21-40E9-A812-5CD92DFC2724}.Release|Any CPU.ActiveCfg = Release|Any CPU
		{139AA935-BA21-40E9-A812-5CD92DFC2724}.Release|Any CPU.Build.0 = Release|Any CPU
	EndGlobalSection
	GlobalSection(SolutionProperties) = preSolution
		HideSolutionNode = FALSE
	EndGlobalSection
	GlobalSection(ExtensibilityGlobals) = postSolution
		SolutionGuid = {46063D75-A521-4258-AA52-0D48EABFBAB0}
	EndGlobalSection
EndGlobal
